// !$*UTF8*$!
{
	archiveVersion = 1;
	classes = {
	};
	objectVersion = 50;
	objects = {

/* Begin PBXBuildFile section */
		88F3D8002357A515003F0E58 /* AppDelegate.swift in Sources */ = {isa = PBXBuildFile; fileRef = 88F3D7FF2357A515003F0E58 /* AppDelegate.swift */; };
		88F3D8022357A515003F0E58 /* SceneDelegate.swift in Sources */ = {isa = PBXBuildFile; fileRef = 88F3D8012357A515003F0E58 /* SceneDelegate.swift */; };
		88F3D8042357A515003F0E58 /* ContentView.swift in Sources */ = {isa = PBXBuildFile; fileRef = 88F3D8032357A515003F0E58 /* ContentView.swift */; };
		88F3D8062357A515003F0E58 /* Assets.xcassets in Resources */ = {isa = PBXBuildFile; fileRef = 88F3D8052357A515003F0E58 /* Assets.xcassets */; };
		88F3D8092357A515003F0E58 /* Preview Assets.xcassets in Resources */ = {isa = PBXBuildFile; fileRef = 88F3D8082357A515003F0E58 /* Preview Assets.xcassets */; };
		88F3D80C2357A515003F0E58 /* LaunchScreen.storyboard in Resources */ = {isa = PBXBuildFile; fileRef = 88F3D80A2357A515003F0E58 /* LaunchScreen.storyboard */; };
		88F3D8142357A533003F0E58 /* MyImagePicker.swift in Sources */ = {isa = PBXBuildFile; fileRef = 88F3D8132357A533003F0E58 /* MyImagePicker.swift */; };
/* End PBXBuildFile section */

/* Begin PBXFileReference section */
		88F3D7FC2357A515003F0E58 /* ViewControllerDemo.app */ = {isa = PBXFileReference; explicitFileType = wrapper.application; includeInIndex = 0; path = ViewControllerDemo.app; sourceTree = BUILT_PRODUCTS_DIR; };
		88F3D7FF2357A515003F0E58 /* AppDelegate.swift */ = {isa = PBXFileReference; lastKnownFileType = sourcecode.swift; path = AppDelegate.swift; sourceTree = "<group>"; };
		88F3D8012357A515003F0E58 /* SceneDelegate.swift */ = {isa = PBXFileReference; lastKnownFileType = sourcecode.swift; path = SceneDelegate.swift; sourceTree = "<group>"; };
		88F3D8032357A515003F0E58 /* ContentView.swift */ = {isa = PBXFileReference; lastKnownFileType = sourcecode.swift; path = ContentView.swift; sourceTree = "<group>"; };
		88F3D8052357A515003F0E58 /* Assets.xcassets */ = {isa = PBXFileReference; lastKnownFileType = folder.assetcatalog; path = Assets.xcassets; sourceTree = "<group>"; };
		88F3D8082357A515003F0E58 /* Preview Assets.xcassets */ = {isa = PBXFileReference; lastKnownFileType = folder.assetcatalog; path = "Preview Assets.xcassets"; sourceTree = "<group>"; };
		88F3D80B2357A515003F0E58 /* Base */ = {isa = PBXFileReference; lastKnownFileType = file.storyboard; name = Base; path = Base.lproj/LaunchScreen.storyboard; sourceTree = "<group>"; };
		88F3D80D2357A515003F0E58 /* Info.plist */ = {isa = PBXFileReference; lastKnownFileType = text.plist.xml; path = Info.plist; sourceTree = "<group>"; };
		88F3D8132357A533003F0E58 /* MyImagePicker.swift */ = {isa = PBXFileReference; lastKnownFileType = sourcecode.swift; path = MyImagePicker.swift; sourceTree = "<group>"; };
/* End PBXFileReference section */

/* Begin PBXFrameworksBuildPhase section */
		88F3D7F92357A515003F0E58 /* Frameworks */ = {
			isa = PBXFrameworksBuildPhase;
			buildActionMask = 2147483647;
			files = (
			);
			runOnlyForDeploymentPostprocessing = 0;
		};
/* End PBXFrameworksBuildPhase section */

/* Begin PBXGroup section */
		88F3D7F32357A515003F0E58 = {
			isa = PBXGroup;
			children = (
				88F3D8132357A533003F0E58 /* MyImagePicker.swift */,
				88F3D7FE2357A515003F0E58 /* ViewControllerDemo */,
				88F3D7FD2357A515003F0E58 /* Products */,
			);
			sourceTree = "<group>";
		};
		88F3D7FD2357A515003F0E58 /* Products */ = {
			isa = PBXGroup;
			children = (
				88F3D7FC2357A515003F0E58 /* ViewControllerDemo.app */,
			);
			name = Products;
			sourceTree = "<group>";
		};
		88F3D7FE2357A515003F0E58 /* ViewControllerDemo */ = {
			isa = PBXGroup;
			children = (
				88F3D7FF2357A515003F0E58 /* AppDelegate.swift */,
				88F3D8012357A515003F0E58 /* SceneDelegate.swift */,
				88F3D8032357A515003F0E58 /* ContentView.swift */,
				88F3D8052357A515003F0E58 /* Assets.xcassets */,
				88F3D80A2357A515003F0E58 /* LaunchScreen.storyboard */,
				88F3D80D2357A515003F0E58 /* Info.plist */,
				88F3D8072357A515003F0E58 /* Preview Content */,
			);
			path = ViewControllerDemo;
			sourceTree = "<group>";
		};
		88F3D8072357A515003F0E58 /* Preview Content */ = {
			isa = PBXGroup;
			children = (
				88F3D8082357A515003F0E58 /* Preview Assets.xcassets */,
			);
			path = "Preview Content";
			sourceTree = "<group>";
		};
/* End PBXGroup section */

/* Begin PBXNativeTarget section */
		88F3D7FB2357A515003F0E58 /* ViewControllerDemo */ = {
			isa = PBXNativeTarget;
			buildConfigurationList = 88F3D8102357A515003F0E58 /* Build configuration list for PBXNativeTarget "ViewControllerDemo" */;
			buildPhases = (
				88F3D7F82357A515003F0E58 /* Sources */,
				88F3D7F92357A515003F0E58 /* Frameworks */,
				88F3D7FA2357A515003F0E58 /* Resources */,
			);
			buildRules = (
			);
			dependencies = (
			);
			name = ViewControllerDemo;
			productName = ViewControllerDemo;
			productReference = 88F3D7FC2357A515003F0E58 /* ViewControllerDemo.app */;
			productType = "com.apple.product-type.application";
		};
/* End PBXNativeTarget section */

/* Begin PBXProject section */
		88F3D7F42357A515003F0E58 /* Project object */ = {
			isa = PBXProject;
			attributes = {
				LastSwiftUpdateCheck = 1100;
				LastUpgradeCheck = 1100;
				ORGANIZATIONNAME = eBookFrenzy;
				TargetAttributes = {
					88F3D7FB2357A515003F0E58 = {
						CreatedOnToolsVersion = 11.0;
					};
				};
			};
			buildConfigurationList = 88F3D7F72357A515003F0E58 /* Build configuration list for PBXProject "ViewControllerDemo" */;
			compatibilityVersion = "Xcode 9.3";
			developmentRegion = en;
			hasScannedForEncodings = 0;
			knownRegions = (
				en,
				Base,
			);
			mainGroup = 88F3D7F32357A515003F0E58;
			productRefGroup = 88F3D7FD2357A515003F0E58 /* Products */;
			projectDirPath = "";
			projectRoot = "";
			targets = (
				88F3D7FB2357A515003F0E58 /* ViewControllerDemo */,
			);
		};
/* End PBXProject section */

/* Begin PBXResourcesBuildPhase section */
		88F3D7FA2357A515003F0E58 /* Resources */ = {
			isa = PBXResourcesBuildPhase;
			buildActionMask = 2147483647;
			files = (
				88F3D80C2357A515003F0E58 /* LaunchScreen.storyboard in Resources */,
				88F3D8092357A515003F0E58 /* Preview Assets.xcassets in Resources */,
				88F3D8062357A515003F0E58 /* Assets.xcassets in Resources */,
			);
			runOnlyForDeploymentPostprocessing = 0;
		};
/* End PBXResourcesBuildPhase section */

/* Begin PBXSourcesBuildPhase section */
		88F3D7F82357A515003F0E58 /* Sources */ = {
			isa = PBXSourcesBuildPhase;
			buildActionMask = 2147483647;
			files = (
				88F3D8002357A515003F0E58 /* AppDelegate.swift in Sources */,
				88F3D8142357A533003F0E58 /* MyImagePicker.swift in Sources */,
				88F3D8022357A515003F0E58 /* SceneDelegate.swift in Sources */,
				88F3D8042357A515003F0E58 /* ContentView.swift in Sources */,
			);
			runOnlyForDeploymentPostprocessing = 0;
		};
/* End PBXSourcesBuildPhase section */

/* Begin PBXVariantGroup section */
		88F3D80A2357A515003F0E58 /* LaunchScreen.storyboard */ = {
			isa = PBXVariantGroup;
			children = (
				88F3D80B2357A515003F0E58 /* Base */,
			);
			name = LaunchScreen.storyboard;
			sourceTree = "<group>";
		};
/* End PBXVariantGroup section */

/* Begin XCBuildConfiguration section */
		88F3D80E2357A515003F0E58 /* Debug */ = {
			isa = XCBuildConfiguration;
			buildSettings = {
				ALWAYS_SEARCH_USER_PATHS = NO;
				CLANG_ANALYZER_NONNULL = YES;
				CLANG_ANALYZER_NUMBER_OBJECT_CONVERSION = YES_AGGRESSIVE;
				CLANG_CXX_LANGUAGE_STANDARD = "gnu++14";
				CLANG_CXX_LIBRARY = "libc++";
				CLANG_ENABLE_MODULES = YES;
				CLANG_ENABLE_OBJC_ARC = YES;
				CLANG_ENABLE_OBJC_WEAK = YES;
				CLANG_WARN_BLOCK_CAPTURE_AUTORELEASING = YES;
				CLANG_WARN_BOOL_CONVERSION = YES;
				CLANG_WARN_COMMA = YES;
				CLANG_WARN_CONSTANT_CONVERSION = YES;
				CLANG_WARN_DEPRECATED_OBJC_IMPLEMENTATIONS = YES;
				CLANG_WARN_DIRECT_OBJC_ISA_USAGE = YES_ERROR;
				CLANG_WARN_DOCUMENTATION_COMMENTS = YES;
				CLANG_WARN_EMPTY_BODY = YES;
				CLANG_WARN_ENUM_CONVERSION = YES;
				CLANG_WARN_INFINITE_RECURSION = YES;
				CLANG_WARN_INT_CONVERSION = YES;
				CLANG_WARN_NON_LITERAL_NULL_CONVERSION = YES;
				CLANG_WARN_OBJC_IMPLICIT_RETAIN_SELF = YES;
				CLANG_WARN_OBJC_LITERAL_CONVERSION = YES;
				CLANG_WARN_OBJC_ROOT_CLASS = YES_ERROR;
				CLANG_WARN_RANGE_LOOP_ANALYSIS = YES;
				CLANG_WARN_STRICT_PROTOTYPES = YES;
				CLANG_WARN_SUSPICIOUS_MOVE = YES;
				CLANG_WARN_UNGUARDED_AVAILABILITY = YES_AGGRESSIVE;
				CLANG_WARN_UNREACHABLE_CODE = YES;
				CLANG_WARN__DUPLICATE_METHOD_MATCH = YES;
				COPY_PHASE_STRIP = NO;
				DEBUG_INFORMATION_FORMAT = dwarf;
				ENABLE_STRICT_OBJC_MSGSEND = YES;
				ENABLE_TESTABILITY = YES;
				GCC_C_LANGUAGE_STANDARD = gnu11;
				GCC_DYNAMIC_NO_PIC = NO;
				GCC_NO_COMMON_BLOCKS = YES;
				GCC_OPTIMIZATION_LEVEL = 0;
				GCC_PREPROCESSOR_DEFINITIONS = (
					"DEBUG=1",
					"$(inherited)",
				);
				GCC_WARN_64_TO_32_BIT_CONVERSION = YES;
				GCC_WARN_ABOUT_RETURN_TYPE = YES_ERROR;
				GCC_WARN_UNDECLARED_SELECTOR = YES;
				GCC_WARN_UNINITIALIZED_AUTOS = YES_AGGRESSIVE;
				GCC_WARN_UNUSED_FUNCTION = YES;
				GCC_WARN_UNUSED_VARIABLE = YES;
				IPHONEOS_DEPLOYMENT_TARGET = 13.0;
				MTL_ENABLE_DEBUG_INFO = INCLUDE_SOURCE;
				MTL_FAST_MATH = YES;
				ONLY_ACTIVE_ARCH = YES;
				SDKROOT = iphoneos;
				SWIFT_ACTIVE_COMPILATION_CONDITIONS = DEBUG;
				SWIFT_OPTIMIZATION_LEVEL = "-Onone";
			};
			name = Debug;
		};
		88F3D80F2357A515003F0E58 /* Release */ = {
			isa = XCBuildConfiguration;
			buildSettings = {
				ALWAYS_SEARCH_USER_PATHS = NO;
				CLANG_ANALYZER_NONNULL = YES;
				CLANG_ANALYZER_NUMBER_OBJECT_CONVERSION = YES_AGGRESSIVE;
				CLANG_CXX_LANGUAGE_STANDARD = "gnu++14";
				CLANG_CXX_LIBRARY = "libc++";
				CLANG_ENABLE_MODULES = YES;
				CLANG_ENABLE_OBJC_ARC = YES;
				CLANG_ENABLE_OBJC_WEAK = YES;
				CLANG_WARN_BLOCK_CAPTURE_AUTORELEASING = YES;
				CLANG_WARN_BOOL_CONVERSION = YES;
				CLANG_WARN_COMMA = YES;
				CLANG_WARN_CONSTANT_CONVERSION = YES;
				CLANG_WARN_DEPRECATED_OBJC_IMPLEMENTATIONS = YES;
				CLANG_WARN_DIRECT_OBJC_ISA_USAGE = YES_ERROR;
				CLANG_WARN_DOCUMENTATION_COMMENTS = YES;
				CLANG_WARN_EMPTY_BODY = YES;
				CLANG_WARN_ENUM_CONVERSION = YES;
				CLANG_WARN_INFINITE_RECURSION = YES;
				CLANG_WARN_INT_CONVERSION = YES;
				CLANG_WARN_NON_LITERAL_NULL_CONVERSION = YES;
				CLANG_WARN_OBJC_IMPLICIT_RETAIN_SELF = YES;
				CLANG_WARN_OBJC_LITERAL_CONVERSION = YES;
				CLANG_WARN_OBJC_ROOT_CLASS = YES_ERROR;
				CLANG_WARN_RANGE_LOOP_ANALYSIS = YES;
				CLANG_WARN_STRICT_PROTOTYPES = YES;
				CLANG_WARN_SUSPICIOUS_MOVE = YES;
				CLANG_WARN_UNGUARDED_AVAILABILITY = YES_AGGRESSIVE;
				CLANG_WARN_UNREACHABLE_CODE = YES;
				CLANG_WARN__DUPLICATE_METHOD_MATCH = YES;
				COPY_PHASE_STRIP = NO;
				DEBUG_INFORMATION_FORMAT = "dwarf-with-dsym";
				ENABLE_NS_ASSERTIONS = NO;
				ENABLE_STRICT_OBJC_MSGSEND = YES;
				GCC_C_LANGUAGE_STANDARD = gnu11;
				GCC_NO_COMMON_BLOCKS = YES;
				GCC_WARN_64_TO_32_BIT_CONVERSION = YES;
				GCC_WARN_ABOUT_RETURN_TYPE = YES_ERROR;
				GCC_WARN_UNDECLARED_SELECTOR = YES;
				GCC_WARN_UNINITIALIZED_AUTOS = YES_AGGRESSIVE;
				GCC_WARN_UNUSED_FUNCTION = YES;
				GCC_WARN_UNUSED_VARIABLE = YES;
				IPHONEOS_DEPLOYMENT_TARGET = 13.0;
				MTL_ENABLE_DEBUG_INFO = NO;
				MTL_FAST_MATH = YES;
				SDKROOT = iphoneos;
				SWIFT_COMPILATION_MODE = wholemodule;
				SWIFT_OPTIMIZATION_LEVEL = "-O";
				VALIDATE_PRODUCT = YES;
			};
			name = Release;
		};
		88F3D8112357A515003F0E58 /* Debug */ = {
			isa = XCBuildConfiguration;
			buildSettings = {
				ASSETCATALOG_COMPILER_APPICON_NAME = AppIcon;
				CODE_SIGN_STYLE = Automatic;
				DEVELOPMENT_ASSET_PATHS = "\"ViewControllerDemo/Preview Content\"";
				DEVELOPMENT_TEAM = 2UTH99GSB7;
				ENABLE_PREVIEWS = YES;
				INFOPLIST_FILE = ViewControllerDemo/Info.plist;
				LD_RUNPATH_SEARCH_PATHS = (
					"$(inherited)",
					"@executable_path/Frameworks",
				);
				PRODUCT_BUNDLE_IDENTIFIER = com.ebookfrenzy.ViewControllerDemo;
				PRODUCT_NAME = "$(TARGET_NAME)";
				SWIFT_VERSION = 5.0;
				TARGETED_DEVICE_FAMILY = "1,2";
			};
			name = Debug;
		};
		88F3D8122357A515003F0E58 /* Release */ = {
			isa = XCBuildConfiguration;
			buildSettings = {
				ASSETCATALOG_COMPILER_APPICON_NAME = AppIcon;
				CODE_SIGN_STYLE = Automatic;
				DEVELOPMENT_ASSET_PATHS = "\"ViewControllerDemo/Preview Content\"";
				DEVELOPMENT_TEAM = 2UTH99GSB7;
				ENABLE_PREVIEWS = YES;
				INFOPLIST_FILE = ViewControllerDemo/Info.plist;
				LD_RUNPATH_SEARCH_PATHS = (
					"$(inherited)",
					"@executable_path/Frameworks",
				);
				PRODUCT_BUNDLE_IDENTIFIER = com.ebookfrenzy.ViewControllerDemo;
				PRODUCT_NAME = "$(TARGET_NAME)";
				SWIFT_VERSION = 5.0;
				TARGETED_DEVICE_FAMILY = "1,2";
			};
			name = Release;
		};
/* End XCBuildConfiguration section */

/* Begin XCConfigurationList section */
		88F3D7F72357A515003F0E58 /* Build configuration list for PBXProject "ViewControllerDemo" */ = {
			isa = XCConfigurationList;
			buildConfigurations = (
				88F3D80E2357A515003F0E58 /* Debug */,
				88F3D80F2357A515003F0E58 /* Release */,
			);
			defaultConfigurationIsVisible = 0;
			defaultConfigurationName = Release;
		};
		88F3D8102357A515003F0E58 /* Build configuration list for PBXNativeTarget "ViewControllerDemo" */ = {
			isa = XCConfigurationList;
			buildConfigurations = (
				88F3D8112357A515003F0E58 /* Debug */,
				88F3D8122357A515003F0E58 /* Release */,
			);
			defaultConfigurationIsVisible = 0;
			defaultConfigurationName = Release;
		};
/* End XCConfigurationList section */
	};
	rootObject = 88F3D7F42357A515003F0E58 /* Project object */;
}
